<?xml version="1.0" encoding="UTF-8" standalone="yes" ?>
<CodeBlocks_project_file>
	<FileVersion major="1" minor="6" />
	<Project>
		<Option title="4space" />
		<Option pch_mode="2" />
		<Option compiler="mingw64new" />
		<Build>
			<Target title="Debug">
				<Option output="bin/Debug/4space" prefix_auto="1" extension_auto="1" />
				<Option object_output="obj/Debug/" />
				<Option type="1" />
				<Option compiler="mingw64new" />
				<Compiler>
					<Add option="-Og" />
					<Add option="-g" />
				</Compiler>
			</Target>
			<Target title="Release">
				<Option output="bin/Release/4space" prefix_auto="1" extension_auto="1" />
				<Option object_output="obj/Release/" />
				<Option type="1" />
				<Option compiler="mingw64new" />
				<Compiler>
					<Add option="-fexpensive-optimizations" />
					<Add option="-march=native" />
					<Add option="-ffast-math" />
					<Add option="-Ofast" />
				</Compiler>
				<Linker>
					<Add option="-s" />
				</Linker>
			</Target>
			<Target title="Profile">
				<Option output="bin/Profile/4space" prefix_auto="1" extension_auto="1" />
				<Option object_output="obj/Profile/" />
				<Option type="1" />
				<Option compiler="mingw64new" />
				<Compiler>
					<Add option="-pg" />
				</Compiler>
				<Linker>
					<Add option="-pg" />
				</Linker>
			</Target>
		</Build>
		<Compiler>
			<Add option="-Wall" />
			<Add option="-fexceptions" />
			<Add option="-std=gnu++1z" />
			<Add option="-Wno-narrowing" />
			<Add option="-Wno-sign-compare" />
			<Add option="-Wno-unused-variable" />
			<Add option="-Werror=return-type" />
		</Compiler>
		<Linker>
			<Add option="-lmingw32" />
			<Add option="-limgui" />
			<Add option="-lsfml-graphics" />
			<Add option="-lsfml-audio" />
			<Add option="-lsfml-network" />
			<Add option="-lsfml-window" />
			<Add option="-lsfml-system" />
			<Add option="-lfreetype" />
			<Add option="-lopengl32" />
			<Add option="-lws2_32" />
			<Add option="-lflac" />
			<Add option="-lopenal32" />
			<Add option="-logg" />
			<Add option="-lole32" />
			<Add option="-lboost_stacktrace_windbg-mgw72-mt-1_65" />
			<Add option="-lDbgEng" />
			<Add option="-ldl" />
			<Add option="-lbacktrace" />
		</Linker>
		<Unit filename="ai_empire.cpp" />
		<Unit filename="ai_empire.hpp" />
		<Unit filename="ai_fleet.cpp" />
		<Unit filename="ai_fleet.hpp" />
		<Unit filename="battle_manager.cpp" />
		<Unit filename="battle_manager.hpp" />
		<Unit filename="context_menu.cpp" />
		<Unit filename="context_menu.hpp" />
		<Unit filename="drag_and_drop.cpp" />
		<Unit filename="drag_and_drop.hpp" />
		<Unit filename="empire.cpp" />
		<Unit filename="empire.hpp" />
		<Unit filename="event_system.cpp" />
		<Unit filename="event_system.hpp" />
		<Unit filename="gauss.fglsl" />
		<Unit filename="imgui_customisation.cpp" />
		<Unit filename="imgui_customisation.hpp" />
		<Unit filename="main.cpp" />
		<Unit filename="notification_window.cpp" />
		<Unit filename="notification_window.hpp" />
		<Unit filename="object_command_queue.cpp" />
		<Unit filename="object_command_queue.hpp" />
		<Unit filename="popup.cpp" />
		<Unit filename="popup.hpp" />
		<Unit filename="procedural_text_generator.cpp" />
		<Unit filename="procedural_text_generator.hpp" />
		<Unit filename="profile.cpp" />
		<Unit filename="profile.hpp" />
		<Unit filename="research.cpp" />
		<Unit filename="research.hpp" />
		<Unit filename="resource_manager.cpp" />
		<Unit filename="resource_manager.hpp" />
		<Unit filename="ship.cpp" />
		<Unit filename="ship.hpp" />
		<Unit filename="ship_customiser.cpp" />
		<Unit filename="ship_customiser.hpp" />
		<Unit filename="ship_definitions.cpp" />
		<Unit filename="ship_definitions.hpp" />
		<Unit filename="stacktrace_helper.hpp" />
		<Unit filename="system_manager.cpp" />
		<Unit filename="system_manager.hpp" />
		<Unit filename="text.cpp" />
		<Unit filename="text.hpp" />
		<Unit filename="tooltip_handler.cpp" />
		<Unit filename="tooltip_handler.hpp" />
		<Unit filename="top_bar.cpp" />
		<Unit filename="top_bar.hpp" />
		<Unit filename="ui_util.cpp" />
		<Unit filename="ui_util.hpp" />
		<Unit filename="util.hpp" />
		<Extensions>
			<code_completion />
			<envvars />
			<debugger />
			<lib_finder disable_auto="1" />
		</Extensions>
	</Project>
</CodeBlocks_project_file>
